// !$*UTF8*$!
{
	archiveVersion = 1;
	classes = {
	};
	objectVersion = 50;
	objects = {

/* Begin PBXBuildFile section */
		40417D4025A6D4BD00C2D444 /* htmlView.html in Resources */ = {isa = PBXBuildFile; fileRef = 40417D3F25A6D4BD00C2D444 /* htmlView.html */; };
		4090B10725A5EF7C009A1D55 /* AppDelegate.swift in Sources */ = {isa = PBXBuildFile; fileRef = 4090B10625A5EF7C009A1D55 /* AppDelegate.swift */; };
		4090B10925A5EF7C009A1D55 /* SceneDelegate.swift in Sources */ = {isa = PBXBuildFile; fileRef = 4090B10825A5EF7C009A1D55 /* SceneDelegate.swift */; };
		4090B10B25A5EF7C009A1D55 /* ViewController.swift in Sources */ = {isa = PBXBuildFile; fileRef = 4090B10A25A5EF7C009A1D55 /* ViewController.swift */; };
		4090B10E25A5EF7C009A1D55 /* Main.storyboard in Resources */ = {isa = PBXBuildFile; fileRef = 4090B10C25A5EF7C009A1D55 /* Main.storyboard */; };
		4090B11025A5EF7D009A1D55 /* Assets.xcassets in Resources */ = {isa = PBXBuildFile; fileRef = 4090B10F25A5EF7D009A1D55 /* Assets.xcassets */; };
		4090B11325A5EF7D009A1D55 /* LaunchScreen.storyboard in Resources */ = {isa = PBXBuildFile; fileRef = 4090B11125A5EF7D009A1D55 /* LaunchScreen.storyboard */; };
		4090B11C25A5F316009A1D55 /* Extension_UIView.swift in Sources */ = {isa = PBXBuildFile; fileRef = 4090B11B25A5F316009A1D55 /* Extension_UIView.swift */; };
/* End PBXBuildFile section */

/* Begin PBXFileReference section */
		40417D3F25A6D4BD00C2D444 /* htmlView.html */ = {isa = PBXFileReference; lastKnownFileType = text.html; path = htmlView.html; sourceTree = "<group>"; };
		4090B10325A5EF7C009A1D55 /* Web.app */ = {isa = PBXFileReference; explicitFileType = wrapper.application; includeInIndex = 0; path = Web.app; sourceTree = BUILT_PRODUCTS_DIR; };
		4090B10625A5EF7C009A1D55 /* AppDelegate.swift */ = {isa = PBXFileReference; lastKnownFileType = sourcecode.swift; path = AppDelegate.swift; sourceTree = "<group>"; };
		4090B10825A5EF7C009A1D55 /* SceneDelegate.swift */ = {isa = PBXFileReference; lastKnownFileType = sourcecode.swift; path = SceneDelegate.swift; sourceTree = "<group>"; };
		4090B10A25A5EF7C009A1D55 /* ViewController.swift */ = {isa = PBXFileReference; lastKnownFileType = sourcecode.swift; path = ViewController.swift; sourceTree = "<group>"; };
		4090B10D25A5EF7C009A1D55 /* Base */ = {isa = PBXFileReference; lastKnownFileType = file.storyboard; name = Base; path = Base.lproj/Main.storyboard; sourceTree = "<group>"; };
		4090B10F25A5EF7D009A1D55 /* Assets.xcassets */ = {isa = PBXFileReference; lastKnownFileType = folder.assetcatalog; path = Assets.xcassets; sourceTree = "<group>"; };
		4090B11225A5EF7D009A1D55 /* Base */ = {isa = PBXFileReference; lastKnownFileType = file.storyboard; name = Base; path = Base.lproj/LaunchScreen.storyboard; sourceTree = "<group>"; };
		4090B11425A5EF7D009A1D55 /* Info.plist */ = {isa = PBXFileReference; lastKnownFileType = text.plist.xml; path = Info.plist; sourceTree = "<group>"; };
		4090B11B25A5F316009A1D55 /* Extension_UIView.swift */ = {isa = PBXFileReference; lastKnownFileType = sourcecode.swift; path = Extension_UIView.swift; sourceTree = "<group>"; };
/* End PBXFileReference section */

/* Begin PBXFrameworksBuildPhase section */
		4090B10025A5EF7C009A1D55 /* Frameworks */ = {
			isa = PBXFrameworksBuildPhase;
			buildActionMask = 2147483647;
			files = (
			);
			runOnlyForDeploymentPostprocessing = 0;
		};
/* End PBXFrameworksBuildPhase section */

/* Begin PBXGroup section */
		4090B0FA25A5EF7C009A1D55 = {
			isa = PBXGroup;
			children = (
				4090B10525A5EF7C009A1D55 /* Web */,
				4090B10425A5EF7C009A1D55 /* Products */,
			);
			sourceTree = "<group>";
		};
		4090B10425A5EF7C009A1D55 /* Products */ = {
			isa = PBXGroup;
			children = (
				4090B10325A5EF7C009A1D55 /* Web.app */,
			);
			name = Products;
			sourceTree = "<group>";
		};
		4090B10525A5EF7C009A1D55 /* Web */ = {
			isa = PBXGroup;
			children = (
				4090B10625A5EF7C009A1D55 /* AppDelegate.swift */,
				4090B10825A5EF7C009A1D55 /* SceneDelegate.swift */,
				4090B10A25A5EF7C009A1D55 /* ViewController.swift */,
				4090B10C25A5EF7C009A1D55 /* Main.storyboard */,
				4090B10F25A5EF7D009A1D55 /* Assets.xcassets */,
				4090B11125A5EF7D009A1D55 /* LaunchScreen.storyboard */,
				4090B11425A5EF7D009A1D55 /* Info.plist */,
				4090B11B25A5F316009A1D55 /* Extension_UIView.swift */,
				40417D3F25A6D4BD00C2D444 /* htmlView.html */,
			);
			path = Web;
			sourceTree = "<group>";
		};
/* End PBXGroup section */

/* Begin PBXNativeTarget section */
		4090B10225A5EF7C009A1D55 /* Web */ = {
			isa = PBXNativeTarget;
			buildConfigurationList = 4090B11725A5EF7D009A1D55 /* Build configuration list for PBXNativeTarget "Web" */;
			buildPhases = (
				4090B0FF25A5EF7C009A1D55 /* Sources */,
				4090B10025A5EF7C009A1D55 /* Frameworks */,
				4090B10125A5EF7C009A1D55 /* Resources */,
			);
			buildRules = (
			);
			dependencies = (
			);
			name = Web;
			productName = Web;
			productReference = 4090B10325A5EF7C009A1D55 /* Web.app */;
			productType = "com.apple.product-type.application";
		};
/* End PBXNativeTarget section */

/* Begin PBXProject section */
		4090B0FB25A5EF7C009A1D55 /* Project object */ = {
			isa = PBXProject;
			attributes = {
				LastSwiftUpdateCheck = 1220;
				LastUpgradeCheck = 1220;
				TargetAttributes = {
					4090B10225A5EF7C009A1D55 = {
						CreatedOnToolsVersion = 12.2;
					};
				};
			};
			buildConfigurationList = 4090B0FE25A5EF7C009A1D55 /* Build configuration list for PBXProject "Web" */;
			compatibilityVersion = "Xcode 9.3";
			developmentRegion = en;
			hasScannedForEncodings = 0;
			knownRegions = (
				en,
				Base,
			);
			mainGroup = 4090B0FA25A5EF7C009A1D55;
			productRefGroup = 4090B10425A5EF7C009A1D55 /* Products */;
			projectDirPath = "";
			projectRoot = "";
			targets = (
				4090B10225A5EF7C009A1D55 /* Web */,
			);
		};
/* End PBXProject section */

/* Begin PBXResourcesBuildPhase section */
		4090B10125A5EF7C009A1D55 /* Resources */ = {
			isa = PBXResourcesBuildPhase;
			buildActionMask = 2147483647;
			files = (
				40417D4025A6D4BD00C2D444 /* htmlView.html in Resources */,
				4090B11325A5EF7D009A1D55 /* LaunchScreen.storyboard in Resources */,
				4090B11025A5EF7D009A1D55 /* Assets.xcassets in Resources */,
				4090B10E25A5EF7C009A1D55 /* Main.storyboard in Resources */,
			);
			runOnlyForDeploymentPostprocessing = 0;
		};
/* End PBXResourcesBuildPhase section */

/* Begin PBXSourcesBuildPhase section */
		4090B0FF25A5EF7C009A1D55 /* Sources */ = {
			isa = PBXSourcesBuildPhase;
			buildActionMask = 2147483647;
			files = (
				4090B10B25A5EF7C009A1D55 /* ViewController.swift in Sources */,
				4090B10725A5EF7C009A1D55 /* AppDelegate.swift in Sources */,
				4090B11C25A5F316009A1D55 /* Extension_UIView.swift in Sources */,
				4090B10925A5EF7C009A1D55 /* SceneDelegate.swift in Sources */,
			);
			runOnlyForDeploymentPostprocessing = 0;
		};
/* End PBXSourcesBuildPhase section */

/* Begin PBXVariantGroup section */
		4090B10C25A5EF7C009A1D55 /* Main.storyboard */ = {
			isa = PBXVariantGroup;
			children = (
				4090B10D25A5EF7C009A1D55 /* Base */,
			);
			name = Main.storyboard;
			sourceTree = "<group>";
		};
		4090B11125A5EF7D009A1D55 /* LaunchScreen.storyboard */ = {
			isa = PBXVariantGroup;
			children = (
				4090B11225A5EF7D009A1D55 /* Base */,
			);
			name = LaunchScreen.storyboard;
			sourceTree = "<group>";
		};
/* End PBXVariantGroup section */

/* Begin XCBuildConfiguration section */
		4090B11525A5EF7D009A1D55 /* Debug */ = {
			isa = XCBuildConfiguration;
			buildSettings = {
				ALWAYS_SEARCH_USER_PATHS = NO;
				CLANG_ANALYZER_NONNULL = YES;
				CLANG_ANALYZER_NUMBER_OBJECT_CONVERSION = YES_AGGRESSIVE;
				CLANG_CXX_LANGUAGE_STANDARD = "gnu++14";
				CLANG_CXX_LIBRARY = "libc++";
				CLANG_ENABLE_MODULES = YES;
				CLANG_ENABLE_OBJC_ARC = YES;
				CLANG_ENABLE_OBJC_WEAK = YES;
				CLANG_WARN_BLOCK_CAPTURE_AUTORELEASING = YES;
				CLANG_WARN_BOOL_CONVERSION = YES;
				CLANG_WARN_COMMA = YES;
				CLANG_WARN_CONSTANT_CONVERSION = YES;
				CLANG_WARN_DEPRECATED_OBJC_IMPLEMENTATIONS = YES;
				CLANG_WARN_DIRECT_OBJC_ISA_USAGE = YES_ERROR;
				CLANG_WARN_DOCUMENTATION_COMMENTS = YES;
				CLANG_WARN_EMPTY_BODY = YES;
				CLANG_WARN_ENUM_CONVERSION = YES;
				CLANG_WARN_INFINITE_RECURSION = YES;
				CLANG_WARN_INT_CONVERSION = YES;
				CLANG_WARN_NON_LITERAL_NULL_CONVERSION = YES;
				CLANG_WARN_OBJC_IMPLICIT_RETAIN_SELF = YES;
				CLANG_WARN_OBJC_LITERAL_CONVERSION = YES;
				CLANG_WARN_OBJC_ROOT_CLASS = YES_ERROR;
				CLANG_WARN_QUOTED_INCLUDE_IN_FRAMEWORK_HEADER = YES;
				CLANG_WARN_RANGE_LOOP_ANALYSIS = YES;
				CLANG_WARN_STRICT_PROTOTYPES = YES;
				CLANG_WARN_SUSPICIOUS_MOVE = YES;
				CLANG_WARN_UNGUARDED_AVAILABILITY = YES_AGGRESSIVE;
				CLANG_WARN_UNREACHABLE_CODE = YES;
				CLANG_WARN__DUPLICATE_METHOD_MATCH = YES;
				COPY_PHASE_STRIP = NO;
				DEBUG_INFORMATION_FORMAT = dwarf;
				ENABLE_STRICT_OBJC_MSGSEND = YES;
				ENABLE_TESTABILITY = YES;
				GCC_C_LANGUAGE_STANDARD = gnu11;
				GCC_DYNAMIC_NO_PIC = NO;
				GCC_NO_COMMON_BLOCKS = YES;
				GCC_OPTIMIZATION_LEVEL = 0;
				GCC_PREPROCESSOR_DEFINITIONS = (
					"DEBUG=1",
					"$(inherited)",
				);
				GCC_WARN_64_TO_32_BIT_CONVERSION = YES;
				GCC_WARN_ABOUT_RETURN_TYPE = YES_ERROR;
				GCC_WARN_UNDECLARED_SELECTOR = YES;
				GCC_WARN_UNINITIALIZED_AUTOS = YES_AGGRESSIVE;
				GCC_WARN_UNUSED_FUNCTION = YES;
				GCC_WARN_UNUSED_VARIABLE = YES;
				IPHONEOS_DEPLOYMENT_TARGET = 14.2;
				MTL_ENABLE_DEBUG_INFO = INCLUDE_SOURCE;
				MTL_FAST_MATH = YES;
				ONLY_ACTIVE_ARCH = YES;
				SDKROOT = iphoneos;
				SWIFT_ACTIVE_COMPILATION_CONDITIONS = DEBUG;
				SWIFT_OPTIMIZATION_LEVEL = "-Onone";
			};
			name = Debug;
		};
		4090B11625A5EF7D009A1D55 /* Release */ = {
			isa = XCBuildConfiguration;
			buildSettings = {
				ALWAYS_SEARCH_USER_PATHS = NO;
				CLANG_ANALYZER_NONNULL = YES;
				CLANG_ANALYZER_NUMBER_OBJECT_CONVERSION = YES_AGGRESSIVE;
				CLANG_CXX_LANGUAGE_STANDARD = "gnu++14";
				CLANG_CXX_LIBRARY = "libc++";
				CLANG_ENABLE_MODULES = YES;
				CLANG_ENABLE_OBJC_ARC = YES;
				CLANG_ENABLE_OBJC_WEAK = YES;
				CLANG_WARN_BLOCK_CAPTURE_AUTORELEASING = YES;
				CLANG_WARN_BOOL_CONVERSION = YES;
				CLANG_WARN_COMMA = YES;
				CLANG_WARN_CONSTANT_CONVERSION = YES;
				CLANG_WARN_DEPRECATED_OBJC_IMPLEMENTATIONS = YES;
				CLANG_WARN_DIRECT_OBJC_ISA_USAGE = YES_ERROR;
				CLANG_WARN_DOCUMENTATION_COMMENTS = YES;
				CLANG_WARN_EMPTY_BODY = YES;
				CLANG_WARN_ENUM_CONVERSION = YES;
				CLANG_WARN_INFINITE_RECURSION = YES;
				CLANG_WARN_INT_CONVERSION = YES;
				CLANG_WARN_NON_LITERAL_NULL_CONVERSION = YES;
				CLANG_WARN_OBJC_IMPLICIT_RETAIN_SELF = YES;
				CLANG_WARN_OBJC_LITERAL_CONVERSION = YES;
				CLANG_WARN_OBJC_ROOT_CLASS = YES_ERROR;
				CLANG_WARN_QUOTED_INCLUDE_IN_FRAMEWORK_HEADER = YES;
				CLANG_WARN_RANGE_LOOP_ANALYSIS = YES;
				CLANG_WARN_STRICT_PROTOTYPES = YES;
				CLANG_WARN_SUSPICIOUS_MOVE = YES;
				CLANG_WARN_UNGUARDED_AVAILABILITY = YES_AGGRESSIVE;
				CLANG_WARN_UNREACHABLE_CODE = YES;
				CLANG_WARN__DUPLICATE_METHOD_MATCH = YES;
				COPY_PHASE_STRIP = NO;
				DEBUG_INFORMATION_FORMAT = "dwarf-with-dsym";
				ENABLE_NS_ASSERTIONS = NO;
				ENABLE_STRICT_OBJC_MSGSEND = YES;
				GCC_C_LANGUAGE_STANDARD = gnu11;
				GCC_NO_COMMON_BLOCKS = YES;
				GCC_WARN_64_TO_32_BIT_CONVERSION = YES;
				GCC_WARN_ABOUT_RETURN_TYPE = YES_ERROR;
				GCC_WARN_UNDECLARED_SELECTOR = YES;
				GCC_WARN_UNINITIALIZED_AUTOS = YES_AGGRESSIVE;
				GCC_WARN_UNUSED_FUNCTION = YES;
				GCC_WARN_UNUSED_VARIABLE = YES;
				IPHONEOS_DEPLOYMENT_TARGET = 14.2;
				MTL_ENABLE_DEBUG_INFO = NO;
				MTL_FAST_MATH = YES;
				SDKROOT = iphoneos;
				SWIFT_COMPILATION_MODE = wholemodule;
				SWIFT_OPTIMIZATION_LEVEL = "-O";
				VALIDATE_PRODUCT = YES;
			};
			name = Release;
		};
		4090B11825A5EF7D009A1D55 /* Debug */ = {
			isa = XCBuildConfiguration;
			buildSettings = {
				ASSETCATALOG_COMPILER_APPICON_NAME = AppIcon;
				ASSETCATALOG_COMPILER_GLOBAL_ACCENT_COLOR_NAME = AccentColor;
				CODE_SIGN_STYLE = Automatic;
				DEVELOPMENT_TEAM = 3TAJ2UVSWN;
				INFOPLIST_FILE = Web/Info.plist;
				LD_RUNPATH_SEARCH_PATHS = (
					"$(inherited)",
					"@executable_path/Frameworks",
				);
				PRODUCT_BUNDLE_IDENTIFIER = com.SJHAN.Web;
				PRODUCT_NAME = "$(TARGET_NAME)";
				SWIFT_VERSION = 5.0;
				TARGETED_DEVICE_FAMILY = "1,2";
			};
			name = Debug;
		};
		4090B11925A5EF7D009A1D55 /* Release */ = {
			isa = XCBuildConfiguration;
			buildSettings = {
				ASSETCATALOG_COMPILER_APPICON_NAME = AppIcon;
				ASSETCATALOG_COMPILER_GLOBAL_ACCENT_COLOR_NAME = AccentColor;
				CODE_SIGN_STYLE = Automatic;
				DEVELOPMENT_TEAM = 3TAJ2UVSWN;
				INFOPLIST_FILE = Web/Info.plist;
				LD_RUNPATH_SEARCH_PATHS = (
					"$(inherited)",
					"@executable_path/Frameworks",
				);
				PRODUCT_BUNDLE_IDENTIFIER = com.SJHAN.Web;
				PRODUCT_NAME = "$(TARGET_NAME)";
				SWIFT_VERSION = 5.0;
				TARGETED_DEVICE_FAMILY = "1,2";
			};
			name = Release;
		};
/* End XCBuildConfiguration section */

/* Begin XCConfigurationList section */
		4090B0FE25A5EF7C009A1D55 /* Build configuration list for PBXProject "Web" */ = {
			isa = XCConfigurationList;
			buildConfigurations = (
				4090B11525A5EF7D009A1D55 /* Debug */,
				4090B11625A5EF7D009A1D55 /* Release */,
			);
			defaultConfigurationIsVisible = 0;
			defaultConfigurationName = Release;
		};
		4090B11725A5EF7D009A1D55 /* Build configuration list for PBXNativeTarget "Web" */ = {
			isa = XCConfigurationList;
			buildConfigurations = (
				4090B11825A5EF7D009A1D55 /* Debug */,
				4090B11925A5EF7D009A1D55 /* Release */,
			);
			defaultConfigurationIsVisible = 0;
			defaultConfigurationName = Release;
		};
/* End XCConfigurationList section */
	};
	rootObject = 4090B0FB25A5EF7C009A1D55 /* Project object */;
}
